
Microsoft Visual Studio Solution File, Format Version 12.00
# Visual Studio Version 17
VisualStudioVersion = 17.8.34330.188
MinimumVisualStudioVersion = 10.0.40219.1
Project("{FAE04EC0-301F-11D3-BF4B-00C04F79EFBC}") = "Gradostroy", "Gradostroy\Gradostroy.csproj", "{ABA11D36-F88F-434D-B19E-723645A82E1D}"
EndProject
Global
	GlobalSection(SolutionConfigurationPlatforms) = preSolution
		Debug|Any CPU = Debug|Any CPU
		Release|Any CPU = Release|Any CPU
	EndGlobalSection
	GlobalSection(ProjectConfigurationPlatforms) = postSolution
		{ABA11D36-F88F-434D-B19E-723645A82E1D}.Debug|Any CPU.ActiveCfg = Debug|Any CPU
		{ABA11D36-F88F-434D-B19E-723645A82E1D}.Debug|Any CPU.Build.0 = Debug|Any CPU
		{ABA11D36-F88F-434D-B19E-723645A82E1D}.Release|Any CPU.ActiveCfg = Release|Any CPU
		{ABA11D36-F88F-434D-B19E-723645A82E1D}.Release|Any CPU.Build.0 = Release|Any CPU
	EndGlobalSection
	GlobalSection(SolutionProperties) = preSolution
		HideSolutionNode = FALSE
	EndGlobalSection
	GlobalSection(ExtensibilityGlobals) = postSolution
		SolutionGuid = {57E90FA0-B7CB-404E-8AC8-0D5CEE48D96E}
	EndGlobalSection
EndGlobal
